// !$*UTF8*$!
{
	archiveVersion = 1;
	classes = {
	};
	objectVersion = 55;
	objects = {

/* Begin PBXBuildFile section */
		FF512CEB2801797800D661B5 /* AddNewSalonTypeRow.swift in Sources */ = {isa = PBXBuildFile; fileRef = FF512CEA2801797800D661B5 /* AddNewSalonTypeRow.swift */; };
		FF5A034727FC6D3F00F8FB24 /* CoreDataStack.swift in Sources */ = {isa = PBXBuildFile; fileRef = FF5A034627FC6D3F00F8FB24 /* CoreDataStack.swift */; };
		FF5A034A27FC7B2D00F8FB24 /* FetchingManager.swift in Sources */ = {isa = PBXBuildFile; fileRef = FF5A034927FC7B2D00F8FB24 /* FetchingManager.swift */; };
		FF5A037F27FF66DB00F8FB24 /* SalonTypesDB.swift in Sources */ = {isa = PBXBuildFile; fileRef = FF5A037E27FF66DB00F8FB24 /* SalonTypesDB.swift */; };
		FF5A0381280024E900F8FB24 /* SalonTypesChooseView.swift in Sources */ = {isa = PBXBuildFile; fileRef = FF5A0380280024E900F8FB24 /* SalonTypesChooseView.swift */; };
		FF5A038328003AD400F8FB24 /* ProcedureTypesChooseView.swift in Sources */ = {isa = PBXBuildFile; fileRef = FF5A038228003AD400F8FB24 /* ProcedureTypesChooseView.swift */; };
		FF8DDD5F2800F25A0075B2FA /* AddNewProcedureRow.swift in Sources */ = {isa = PBXBuildFile; fileRef = FF8DDD5E2800F25A0075B2FA /* AddNewProcedureRow.swift */; };
		FFFAA2F327EFA3CA002EC74B /* AppDelegate.swift in Sources */ = {isa = PBXBuildFile; fileRef = FFFAA2F227EFA3CA002EC74B /* AppDelegate.swift */; };
		FFFAA2F527EFA3CA002EC74B /* SceneDelegate.swift in Sources */ = {isa = PBXBuildFile; fileRef = FFFAA2F427EFA3CA002EC74B /* SceneDelegate.swift */; };
		FFFAA2F727EFA3CA002EC74B /* MainScreenTabBarController.swift in Sources */ = {isa = PBXBuildFile; fileRef = FFFAA2F627EFA3CA002EC74B /* MainScreenTabBarController.swift */; };
		FFFAA2FD27EFA3CA002EC74B /* Beauty_Buisness.xcdatamodeld in Sources */ = {isa = PBXBuildFile; fileRef = FFFAA2FB27EFA3CA002EC74B /* Beauty_Buisness.xcdatamodeld */; };
		FFFAA2FF27EFA3CC002EC74B /* Assets.xcassets in Resources */ = {isa = PBXBuildFile; fileRef = FFFAA2FE27EFA3CC002EC74B /* Assets.xcassets */; };
		FFFAA30227EFA3CC002EC74B /* LaunchScreen.storyboard in Resources */ = {isa = PBXBuildFile; fileRef = FFFAA30027EFA3CC002EC74B /* LaunchScreen.storyboard */; };
		FFFAA30F27EFA65C002EC74B /* OnboardingView.swift in Sources */ = {isa = PBXBuildFile; fileRef = FFFAA30E27EFA65C002EC74B /* OnboardingView.swift */; };
		FFFAA31127F09AA5002EC74B /* MainViewController.swift in Sources */ = {isa = PBXBuildFile; fileRef = FFFAA31027F09AA5002EC74B /* MainViewController.swift */; };
		FFFAA31627F0ACA4002EC74B /* NameSetupView.swift in Sources */ = {isa = PBXBuildFile; fileRef = FFFAA31527F0ACA4002EC74B /* NameSetupView.swift */; };
		FFFAA31A27F0B77C002EC74B /* Extensions.swift in Sources */ = {isa = PBXBuildFile; fileRef = FFFAA31927F0B77C002EC74B /* Extensions.swift */; };
		FFFAA31F27F36A32002EC74B /* SettingsViewController.swift in Sources */ = {isa = PBXBuildFile; fileRef = FFFAA31E27F36A32002EC74B /* SettingsViewController.swift */; };
		FFFAA32127F391F7002EC74B /* SettingsTableViewCell.swift in Sources */ = {isa = PBXBuildFile; fileRef = FFFAA32027F391F7002EC74B /* SettingsTableViewCell.swift */; };
		FFFAA32527F3A44D002EC74B /* WorkingHoursSetupView.swift in Sources */ = {isa = PBXBuildFile; fileRef = FFFAA32427F3A44D002EC74B /* WorkingHoursSetupView.swift */; };
		FFFAA32927F48DE8002EC74B /* MainTableViewCell.swift in Sources */ = {isa = PBXBuildFile; fileRef = FFFAA32827F48DE8002EC74B /* MainTableViewCell.swift */; };
		FFFAA32B27F4B53A002EC74B /* NewProcedureButton.swift in Sources */ = {isa = PBXBuildFile; fileRef = FFFAA32A27F4B53A002EC74B /* NewProcedureButton.swift */; };
		FFFAA32D27F9955C002EC74B /* WorkingDay.swift in Sources */ = {isa = PBXBuildFile; fileRef = FFFAA32C27F9955C002EC74B /* WorkingDay.swift */; };
		FFFAA32F27F99564002EC74B /* Event.swift in Sources */ = {isa = PBXBuildFile; fileRef = FFFAA32E27F99564002EC74B /* Event.swift */; };
		FFFAA33127F995B8002EC74B /* Client.swift in Sources */ = {isa = PBXBuildFile; fileRef = FFFAA33027F995B8002EC74B /* Client.swift */; };
		FFFAA33527F99619002EC74B /* Master.swift in Sources */ = {isa = PBXBuildFile; fileRef = FFFAA33427F99619002EC74B /* Master.swift */; };
		FFFAA33927F99C87002EC74B /* NewEventViewController.swift in Sources */ = {isa = PBXBuildFile; fileRef = FFFAA33827F99C87002EC74B /* NewEventViewController.swift */; };
		FFFAA33C27F9A453002EC74B /* NewEventTableViewCell.swift in Sources */ = {isa = PBXBuildFile; fileRef = FFFAA33B27F9A453002EC74B /* NewEventTableViewCell.swift */; };
/* End PBXBuildFile section */

/* Begin PBXFileReference section */
		FF512CEA2801797800D661B5 /* AddNewSalonTypeRow.swift */ = {isa = PBXFileReference; lastKnownFileType = sourcecode.swift; path = AddNewSalonTypeRow.swift; sourceTree = "<group>"; };
		FF5A034627FC6D3F00F8FB24 /* CoreDataStack.swift */ = {isa = PBXFileReference; lastKnownFileType = sourcecode.swift; path = CoreDataStack.swift; sourceTree = "<group>"; };
		FF5A034927FC7B2D00F8FB24 /* FetchingManager.swift */ = {isa = PBXFileReference; lastKnownFileType = sourcecode.swift; path = FetchingManager.swift; sourceTree = "<group>"; };
		FF5A037E27FF66DB00F8FB24 /* SalonTypesDB.swift */ = {isa = PBXFileReference; lastKnownFileType = sourcecode.swift; path = SalonTypesDB.swift; sourceTree = "<group>"; };
		FF5A0380280024E900F8FB24 /* SalonTypesChooseView.swift */ = {isa = PBXFileReference; lastKnownFileType = sourcecode.swift; path = SalonTypesChooseView.swift; sourceTree = "<group>"; };
		FF5A038228003AD400F8FB24 /* ProcedureTypesChooseView.swift */ = {isa = PBXFileReference; lastKnownFileType = sourcecode.swift; path = ProcedureTypesChooseView.swift; sourceTree = "<group>"; };
		FF8DDD5E2800F25A0075B2FA /* AddNewProcedureRow.swift */ = {isa = PBXFileReference; lastKnownFileType = sourcecode.swift; path = AddNewProcedureRow.swift; sourceTree = "<group>"; };
		FFFAA2EF27EFA3CA002EC74B /* Beauty Buisness.app */ = {isa = PBXFileReference; explicitFileType = wrapper.application; includeInIndex = 0; path = "Beauty Buisness.app"; sourceTree = BUILT_PRODUCTS_DIR; };
		FFFAA2F227EFA3CA002EC74B /* AppDelegate.swift */ = {isa = PBXFileReference; lastKnownFileType = sourcecode.swift; path = AppDelegate.swift; sourceTree = "<group>"; };
		FFFAA2F427EFA3CA002EC74B /* SceneDelegate.swift */ = {isa = PBXFileReference; lastKnownFileType = sourcecode.swift; path = SceneDelegate.swift; sourceTree = "<group>"; };
		FFFAA2F627EFA3CA002EC74B /* MainScreenTabBarController.swift */ = {isa = PBXFileReference; lastKnownFileType = sourcecode.swift; path = MainScreenTabBarController.swift; sourceTree = "<group>"; };
		FFFAA2FC27EFA3CA002EC74B /* Beauty_Buisness.xcdatamodel */ = {isa = PBXFileReference; lastKnownFileType = wrapper.xcdatamodel; path = Beauty_Buisness.xcdatamodel; sourceTree = "<group>"; };
		FFFAA2FE27EFA3CC002EC74B /* Assets.xcassets */ = {isa = PBXFileReference; lastKnownFileType = folder.assetcatalog; path = Assets.xcassets; sourceTree = "<group>"; };
		FFFAA30127EFA3CC002EC74B /* Base */ = {isa = PBXFileReference; lastKnownFileType = file.storyboard; name = Base; path = Base.lproj/LaunchScreen.storyboard; sourceTree = "<group>"; };
		FFFAA30327EFA3CC002EC74B /* Info.plist */ = {isa = PBXFileReference; lastKnownFileType = text.plist.xml; path = Info.plist; sourceTree = "<group>"; };
		FFFAA30E27EFA65C002EC74B /* OnboardingView.swift */ = {isa = PBXFileReference; lastKnownFileType = sourcecode.swift; path = OnboardingView.swift; sourceTree = "<group>"; };
		FFFAA31027F09AA5002EC74B /* MainViewController.swift */ = {isa = PBXFileReference; lastKnownFileType = sourcecode.swift; path = MainViewController.swift; sourceTree = "<group>"; };
		FFFAA31527F0ACA4002EC74B /* NameSetupView.swift */ = {isa = PBXFileReference; lastKnownFileType = sourcecode.swift; path = NameSetupView.swift; sourceTree = "<group>"; };
		FFFAA31927F0B77C002EC74B /* Extensions.swift */ = {isa = PBXFileReference; lastKnownFileType = sourcecode.swift; path = Extensions.swift; sourceTree = "<group>"; };
		FFFAA31E27F36A32002EC74B /* SettingsViewController.swift */ = {isa = PBXFileReference; lastKnownFileType = sourcecode.swift; path = SettingsViewController.swift; sourceTree = "<group>"; };
		FFFAA32027F391F7002EC74B /* SettingsTableViewCell.swift */ = {isa = PBXFileReference; lastKnownFileType = sourcecode.swift; path = SettingsTableViewCell.swift; sourceTree = "<group>"; };
		FFFAA32427F3A44D002EC74B /* WorkingHoursSetupView.swift */ = {isa = PBXFileReference; lastKnownFileType = sourcecode.swift; path = WorkingHoursSetupView.swift; sourceTree = "<group>"; };
		FFFAA32827F48DE8002EC74B /* MainTableViewCell.swift */ = {isa = PBXFileReference; lastKnownFileType = sourcecode.swift; path = MainTableViewCell.swift; sourceTree = "<group>"; };
		FFFAA32A27F4B53A002EC74B /* NewProcedureButton.swift */ = {isa = PBXFileReference; lastKnownFileType = sourcecode.swift; path = NewProcedureButton.swift; sourceTree = "<group>"; };
		FFFAA32C27F9955C002EC74B /* WorkingDay.swift */ = {isa = PBXFileReference; lastKnownFileType = sourcecode.swift; path = WorkingDay.swift; sourceTree = "<group>"; };
		FFFAA32E27F99564002EC74B /* Event.swift */ = {isa = PBXFileReference; lastKnownFileType = sourcecode.swift; path = Event.swift; sourceTree = "<group>"; };
		FFFAA33027F995B8002EC74B /* Client.swift */ = {isa = PBXFileReference; lastKnownFileType = sourcecode.swift; path = Client.swift; sourceTree = "<group>"; };
		FFFAA33427F99619002EC74B /* Master.swift */ = {isa = PBXFileReference; lastKnownFileType = sourcecode.swift; path = Master.swift; sourceTree = "<group>"; };
		FFFAA33827F99C87002EC74B /* NewEventViewController.swift */ = {isa = PBXFileReference; lastKnownFileType = sourcecode.swift; path = NewEventViewController.swift; sourceTree = "<group>"; };
		FFFAA33B27F9A453002EC74B /* NewEventTableViewCell.swift */ = {isa = PBXFileReference; lastKnownFileType = sourcecode.swift; path = NewEventTableViewCell.swift; sourceTree = "<group>"; };
/* End PBXFileReference section */

/* Begin PBXFrameworksBuildPhase section */
		FFFAA2EC27EFA3CA002EC74B /* Frameworks */ = {
			isa = PBXFrameworksBuildPhase;
			buildActionMask = 2147483647;
			files = (
			);
			runOnlyForDeploymentPostprocessing = 0;
		};
/* End PBXFrameworksBuildPhase section */

/* Begin PBXGroup section */
		FF5A034827FC7B1000F8FB24 /* Managers */ = {
			isa = PBXGroup;
			children = (
				FF5A034927FC7B2D00F8FB24 /* FetchingManager.swift */,
			);
			path = Managers;
			sourceTree = "<group>";
		};
		FF5A037D27FD8B6400F8FB24 /* NotUsed */ = {
			isa = PBXGroup;
			children = (
				FFFAA32E27F99564002EC74B /* Event.swift */,
				FFFAA33027F995B8002EC74B /* Client.swift */,
				FFFAA33427F99619002EC74B /* Master.swift */,
			);
			path = NotUsed;
			sourceTree = "<group>";
		};
		FF5A0386280087FA00F8FB24 /* FirstLaunchViews */ = {
			isa = PBXGroup;
			children = (
				FFFAA30E27EFA65C002EC74B /* OnboardingView.swift */,
				FFFAA31527F0ACA4002EC74B /* NameSetupView.swift */,
				FFFAA32427F3A44D002EC74B /* WorkingHoursSetupView.swift */,
				FF5A0380280024E900F8FB24 /* SalonTypesChooseView.swift */,
				FF5A038228003AD400F8FB24 /* ProcedureTypesChooseView.swift */,
				FF8DDD5E2800F25A0075B2FA /* AddNewProcedureRow.swift */,
				FF512CEA2801797800D661B5 /* AddNewSalonTypeRow.swift */,
			);
			path = FirstLaunchViews;
			sourceTree = "<group>";
		};
		FFFAA2E627EFA3CA002EC74B = {
			isa = PBXGroup;
			children = (
				FFFAA2F127EFA3CA002EC74B /* Beauty Buisness */,
				FFFAA2F027EFA3CA002EC74B /* Products */,
			);
			sourceTree = "<group>";
		};
		FFFAA2F027EFA3CA002EC74B /* Products */ = {
			isa = PBXGroup;
			children = (
				FFFAA2EF27EFA3CA002EC74B /* Beauty Buisness.app */,
			);
			name = Products;
			sourceTree = "<group>";
		};
		FFFAA2F127EFA3CA002EC74B /* Beauty Buisness */ = {
			isa = PBXGroup;
			children = (
				FFFAA31B27F36064002EC74B /* Model */,
				FF5A034827FC7B1000F8FB24 /* Managers */,
				FFFAA30D27EFA64B002EC74B /* Views */,
				FFFAA30C27EFA5AF002EC74B /* ViewControllers */,
				FFFAA30927EFA54C002EC74B /* Launch Screen */,
				FFFAA30A27EFA557002EC74B /* Supporting Files */,
				FFFAA30327EFA3CC002EC74B /* Info.plist */,
			);
			path = "Beauty Buisness";
			sourceTree = "<group>";
		};
		FFFAA30927EFA54C002EC74B /* Launch Screen */ = {
			isa = PBXGroup;
			children = (
				FFFAA30027EFA3CC002EC74B /* LaunchScreen.storyboard */,
			);
			path = "Launch Screen";
			sourceTree = "<group>";
		};
		FFFAA30A27EFA557002EC74B /* Supporting Files */ = {
			isa = PBXGroup;
			children = (
				FFFAA2F227EFA3CA002EC74B /* AppDelegate.swift */,
				FFFAA2F427EFA3CA002EC74B /* SceneDelegate.swift */,
				FFFAA31927F0B77C002EC74B /* Extensions.swift */,
				FFFAA2FE27EFA3CC002EC74B /* Assets.xcassets */,
			);
			path = "Supporting Files";
			sourceTree = "<group>";
		};
		FFFAA30B27EFA587002EC74B /* CoreData */ = {
			isa = PBXGroup;
			children = (
				FFFAA2FB27EFA3CA002EC74B /* Beauty_Buisness.xcdatamodeld */,
				FF5A034627FC6D3F00F8FB24 /* CoreDataStack.swift */,
				FFFAA32C27F9955C002EC74B /* WorkingDay.swift */,
			);
			path = CoreData;
			sourceTree = "<group>";
		};
		FFFAA30C27EFA5AF002EC74B /* ViewControllers */ = {
			isa = PBXGroup;
			children = (
				FFFAA2F627EFA3CA002EC74B /* MainScreenTabBarController.swift */,
				FFFAA33727F996D5002EC74B /* HomeVC */,
				FFFAA33627F996C8002EC74B /* SettingsVC */,
				FFFAA33A27F9A43D002EC74B /* NewEventVC */,
			);
			path = ViewControllers;
			sourceTree = "<group>";
		};
		FFFAA30D27EFA64B002EC74B /* Views */ = {
			isa = PBXGroup;
			children = (
				FFFAA32A27F4B53A002EC74B /* NewProcedureButton.swift */,
				FF5A0386280087FA00F8FB24 /* FirstLaunchViews */,
			);
			path = Views;
			sourceTree = "<group>";
		};
		FFFAA31B27F36064002EC74B /* Model */ = {
			isa = PBXGroup;
			children = (
				FF5A037D27FD8B6400F8FB24 /* NotUsed */,
				FFFAA30B27EFA587002EC74B /* CoreData */,
				FF5A037E27FF66DB00F8FB24 /* SalonTypesDB.swift */,
			);
			path = Model;
			sourceTree = "<group>";
		};
		FFFAA33627F996C8002EC74B /* SettingsVC */ = {
			isa = PBXGroup;
			children = (
				FFFAA31E27F36A32002EC74B /* SettingsViewController.swift */,
				FFFAA32027F391F7002EC74B /* SettingsTableViewCell.swift */,
			);
			path = SettingsVC;
			sourceTree = "<group>";
		};
		FFFAA33727F996D5002EC74B /* HomeVC */ = {
			isa = PBXGroup;
			children = (
				FFFAA31027F09AA5002EC74B /* MainViewController.swift */,
				FFFAA32827F48DE8002EC74B /* MainTableViewCell.swift */,
			);
			path = HomeVC;
			sourceTree = "<group>";
		};
		FFFAA33A27F9A43D002EC74B /* NewEventVC */ = {
			isa = PBXGroup;
			children = (
				FFFAA33827F99C87002EC74B /* NewEventViewController.swift */,
				FFFAA33B27F9A453002EC74B /* NewEventTableViewCell.swift */,
			);
			path = NewEventVC;
			sourceTree = "<group>";
		};
/* End PBXGroup section */

/* Begin PBXNativeTarget section */
		FFFAA2EE27EFA3CA002EC74B /* Beauty Buisness */ = {
			isa = PBXNativeTarget;
			buildConfigurationList = FFFAA30627EFA3CC002EC74B /* Build configuration list for PBXNativeTarget "Beauty Buisness" */;
			buildPhases = (
				FFFAA2EB27EFA3CA002EC74B /* Sources */,
				FFFAA2EC27EFA3CA002EC74B /* Frameworks */,
				FFFAA2ED27EFA3CA002EC74B /* Resources */,
			);
			buildRules = (
			);
			dependencies = (
			);
			name = "Beauty Buisness";
			productName = "Beauty Buisness";
			productReference = FFFAA2EF27EFA3CA002EC74B /* Beauty Buisness.app */;
			productType = "com.apple.product-type.application";
		};
/* End PBXNativeTarget section */

/* Begin PBXProject section */
		FFFAA2E727EFA3CA002EC74B /* Project object */ = {
			isa = PBXProject;
			attributes = {
				BuildIndependentTargetsInParallel = 1;
				LastSwiftUpdateCheck = 1330;
				LastUpgradeCheck = 1330;
				TargetAttributes = {
					FFFAA2EE27EFA3CA002EC74B = {
						CreatedOnToolsVersion = 13.3;
					};
				};
			};
			buildConfigurationList = FFFAA2EA27EFA3CA002EC74B /* Build configuration list for PBXProject "Beauty Buisness" */;
			compatibilityVersion = "Xcode 13.0";
			developmentRegion = en;
			hasScannedForEncodings = 0;
			knownRegions = (
				en,
				Base,
			);
			mainGroup = FFFAA2E627EFA3CA002EC74B;
			productRefGroup = FFFAA2F027EFA3CA002EC74B /* Products */;
			projectDirPath = "";
			projectRoot = "";
			targets = (
				FFFAA2EE27EFA3CA002EC74B /* Beauty Buisness */,
			);
		};
/* End PBXProject section */

/* Begin PBXResourcesBuildPhase section */
		FFFAA2ED27EFA3CA002EC74B /* Resources */ = {
			isa = PBXResourcesBuildPhase;
			buildActionMask = 2147483647;
			files = (
				FFFAA30227EFA3CC002EC74B /* LaunchScreen.storyboard in Resources */,
				FFFAA2FF27EFA3CC002EC74B /* Assets.xcassets in Resources */,
			);
			runOnlyForDeploymentPostprocessing = 0;
		};
/* End PBXResourcesBuildPhase section */

/* Begin PBXSourcesBuildPhase section */
		FFFAA2EB27EFA3CA002EC74B /* Sources */ = {
			isa = PBXSourcesBuildPhase;
			buildActionMask = 2147483647;
			files = (
				FFFAA32527F3A44D002EC74B /* WorkingHoursSetupView.swift in Sources */,
				FFFAA2F727EFA3CA002EC74B /* MainScreenTabBarController.swift in Sources */,
				FFFAA2FD27EFA3CA002EC74B /* Beauty_Buisness.xcdatamodeld in Sources */,
				FFFAA32127F391F7002EC74B /* SettingsTableViewCell.swift in Sources */,
				FFFAA33927F99C87002EC74B /* NewEventViewController.swift in Sources */,
				FFFAA33C27F9A453002EC74B /* NewEventTableViewCell.swift in Sources */,
				FFFAA32927F48DE8002EC74B /* MainTableViewCell.swift in Sources */,
				FFFAA31F27F36A32002EC74B /* SettingsViewController.swift in Sources */,
				FFFAA30F27EFA65C002EC74B /* OnboardingView.swift in Sources */,
				FFFAA33127F995B8002EC74B /* Client.swift in Sources */,
				FFFAA32F27F99564002EC74B /* Event.swift in Sources */,
				FF5A038328003AD400F8FB24 /* ProcedureTypesChooseView.swift in Sources */,
				FFFAA31127F09AA5002EC74B /* MainViewController.swift in Sources */,
				FF512CEB2801797800D661B5 /* AddNewSalonTypeRow.swift in Sources */,
				FF5A0381280024E900F8FB24 /* SalonTypesChooseView.swift in Sources */,
				FFFAA2F327EFA3CA002EC74B /* AppDelegate.swift in Sources */,
				FFFAA32D27F9955C002EC74B /* WorkingDay.swift in Sources */,
				FF5A034A27FC7B2D00F8FB24 /* FetchingManager.swift in Sources */,
				FF8DDD5F2800F25A0075B2FA /* AddNewProcedureRow.swift in Sources */,
				FFFAA31A27F0B77C002EC74B /* Extensions.swift in Sources */,
				FFFAA33527F99619002EC74B /* Master.swift in Sources */,
				FF5A034727FC6D3F00F8FB24 /* CoreDataStack.swift in Sources */,
				FFFAA32B27F4B53A002EC74B /* NewProcedureButton.swift in Sources */,
				FFFAA2F527EFA3CA002EC74B /* SceneDelegate.swift in Sources */,
				FF5A037F27FF66DB00F8FB24 /* SalonTypesDB.swift in Sources */,
				FFFAA31627F0ACA4002EC74B /* NameSetupView.swift in Sources */,
			);
			runOnlyForDeploymentPostprocessing = 0;
		};
/* End PBXSourcesBuildPhase section */

/* Begin PBXVariantGroup section */
		FFFAA30027EFA3CC002EC74B /* LaunchScreen.storyboard */ = {
			isa = PBXVariantGroup;
			children = (
				FFFAA30127EFA3CC002EC74B /* Base */,
			);
			name = LaunchScreen.storyboard;
			sourceTree = "<group>";
		};
/* End PBXVariantGroup section */

/* Begin XCBuildConfiguration section */
		FFFAA30427EFA3CC002EC74B /* Debug */ = {
			isa = XCBuildConfiguration;
			buildSettings = {
				ALWAYS_SEARCH_USER_PATHS = NO;
				CLANG_ANALYZER_NONNULL = YES;
				CLANG_ANALYZER_NUMBER_OBJECT_CONVERSION = YES_AGGRESSIVE;
				CLANG_CXX_LANGUAGE_STANDARD = "gnu++17";
				CLANG_ENABLE_MODULES = YES;
				CLANG_ENABLE_OBJC_ARC = YES;
				CLANG_ENABLE_OBJC_WEAK = YES;
				CLANG_WARN_BLOCK_CAPTURE_AUTORELEASING = YES;
				CLANG_WARN_BOOL_CONVERSION = YES;
				CLANG_WARN_COMMA = YES;
				CLANG_WARN_CONSTANT_CONVERSION = YES;
				CLANG_WARN_DEPRECATED_OBJC_IMPLEMENTATIONS = YES;
				CLANG_WARN_DIRECT_OBJC_ISA_USAGE = YES_ERROR;
				CLANG_WARN_DOCUMENTATION_COMMENTS = YES;
				CLANG_WARN_EMPTY_BODY = YES;
				CLANG_WARN_ENUM_CONVERSION = YES;
				CLANG_WARN_INFINITE_RECURSION = YES;
				CLANG_WARN_INT_CONVERSION = YES;
				CLANG_WARN_NON_LITERAL_NULL_CONVERSION = YES;
				CLANG_WARN_OBJC_IMPLICIT_RETAIN_SELF = YES;
				CLANG_WARN_OBJC_LITERAL_CONVERSION = YES;
				CLANG_WARN_OBJC_ROOT_CLASS = YES_ERROR;
				CLANG_WARN_QUOTED_INCLUDE_IN_FRAMEWORK_HEADER = YES;
				CLANG_WARN_RANGE_LOOP_ANALYSIS = YES;
				CLANG_WARN_STRICT_PROTOTYPES = YES;
				CLANG_WARN_SUSPICIOUS_MOVE = YES;
				CLANG_WARN_UNGUARDED_AVAILABILITY = YES_AGGRESSIVE;
				CLANG_WARN_UNREACHABLE_CODE = YES;
				CLANG_WARN__DUPLICATE_METHOD_MATCH = YES;
				COPY_PHASE_STRIP = NO;
				DEBUG_INFORMATION_FORMAT = dwarf;
				ENABLE_STRICT_OBJC_MSGSEND = YES;
				ENABLE_TESTABILITY = YES;
				GCC_C_LANGUAGE_STANDARD = gnu11;
				GCC_DYNAMIC_NO_PIC = NO;
				GCC_NO_COMMON_BLOCKS = YES;
				GCC_OPTIMIZATION_LEVEL = 0;
				GCC_PREPROCESSOR_DEFINITIONS = (
					"DEBUG=1",
					"$(inherited)",
				);
				GCC_WARN_64_TO_32_BIT_CONVERSION = YES;
				GCC_WARN_ABOUT_RETURN_TYPE = YES_ERROR;
				GCC_WARN_UNDECLARED_SELECTOR = YES;
				GCC_WARN_UNINITIALIZED_AUTOS = YES_AGGRESSIVE;
				GCC_WARN_UNUSED_FUNCTION = YES;
				GCC_WARN_UNUSED_VARIABLE = YES;
				IPHONEOS_DEPLOYMENT_TARGET = 15.4;
				MTL_ENABLE_DEBUG_INFO = INCLUDE_SOURCE;
				MTL_FAST_MATH = YES;
				ONLY_ACTIVE_ARCH = YES;
				SDKROOT = iphoneos;
				SWIFT_ACTIVE_COMPILATION_CONDITIONS = DEBUG;
				SWIFT_OPTIMIZATION_LEVEL = "-Onone";
			};
			name = Debug;
		};
		FFFAA30527EFA3CC002EC74B /* Release */ = {
			isa = XCBuildConfiguration;
			buildSettings = {
				ALWAYS_SEARCH_USER_PATHS = NO;
				CLANG_ANALYZER_NONNULL = YES;
				CLANG_ANALYZER_NUMBER_OBJECT_CONVERSION = YES_AGGRESSIVE;
				CLANG_CXX_LANGUAGE_STANDARD = "gnu++17";
				CLANG_ENABLE_MODULES = YES;
				CLANG_ENABLE_OBJC_ARC = YES;
				CLANG_ENABLE_OBJC_WEAK = YES;
				CLANG_WARN_BLOCK_CAPTURE_AUTORELEASING = YES;
				CLANG_WARN_BOOL_CONVERSION = YES;
				CLANG_WARN_COMMA = YES;
				CLANG_WARN_CONSTANT_CONVERSION = YES;
				CLANG_WARN_DEPRECATED_OBJC_IMPLEMENTATIONS = YES;
				CLANG_WARN_DIRECT_OBJC_ISA_USAGE = YES_ERROR;
				CLANG_WARN_DOCUMENTATION_COMMENTS = YES;
				CLANG_WARN_EMPTY_BODY = YES;
				CLANG_WARN_ENUM_CONVERSION = YES;
				CLANG_WARN_INFINITE_RECURSION = YES;
				CLANG_WARN_INT_CONVERSION = YES;
				CLANG_WARN_NON_LITERAL_NULL_CONVERSION = YES;
				CLANG_WARN_OBJC_IMPLICIT_RETAIN_SELF = YES;
				CLANG_WARN_OBJC_LITERAL_CONVERSION = YES;
				CLANG_WARN_OBJC_ROOT_CLASS = YES_ERROR;
				CLANG_WARN_QUOTED_INCLUDE_IN_FRAMEWORK_HEADER = YES;
				CLANG_WARN_RANGE_LOOP_ANALYSIS = YES;
				CLANG_WARN_STRICT_PROTOTYPES = YES;
				CLANG_WARN_SUSPICIOUS_MOVE = YES;
				CLANG_WARN_UNGUARDED_AVAILABILITY = YES_AGGRESSIVE;
				CLANG_WARN_UNREACHABLE_CODE = YES;
				CLANG_WARN__DUPLICATE_METHOD_MATCH = YES;
				COPY_PHASE_STRIP = NO;
				DEBUG_INFORMATION_FORMAT = "dwarf-with-dsym";
				ENABLE_NS_ASSERTIONS = NO;
				ENABLE_STRICT_OBJC_MSGSEND = YES;
				GCC_C_LANGUAGE_STANDARD = gnu11;
				GCC_NO_COMMON_BLOCKS = YES;
				GCC_WARN_64_TO_32_BIT_CONVERSION = YES;
				GCC_WARN_ABOUT_RETURN_TYPE = YES_ERROR;
				GCC_WARN_UNDECLARED_SELECTOR = YES;
				GCC_WARN_UNINITIALIZED_AUTOS = YES_AGGRESSIVE;
				GCC_WARN_UNUSED_FUNCTION = YES;
				GCC_WARN_UNUSED_VARIABLE = YES;
				IPHONEOS_DEPLOYMENT_TARGET = 15.4;
				MTL_ENABLE_DEBUG_INFO = NO;
				MTL_FAST_MATH = YES;
				SDKROOT = iphoneos;
				SWIFT_COMPILATION_MODE = wholemodule;
				SWIFT_OPTIMIZATION_LEVEL = "-O";
				VALIDATE_PRODUCT = YES;
			};
			name = Release;
		};
		FFFAA30727EFA3CC002EC74B /* Debug */ = {
			isa = XCBuildConfiguration;
			buildSettings = {
				ASSETCATALOG_COMPILER_APPICON_NAME = AppIcon;
				ASSETCATALOG_COMPILER_GLOBAL_ACCENT_COLOR_NAME = AccentColor;
				CODE_SIGN_STYLE = Automatic;
				CURRENT_PROJECT_VERSION = 1;
				DEVELOPMENT_TEAM = A2JRL4D922;
				GENERATE_INFOPLIST_FILE = YES;
				INFOPLIST_FILE = "Beauty Buisness/Info.plist";
				INFOPLIST_KEY_UIApplicationSupportsIndirectInputEvents = YES;
				INFOPLIST_KEY_UILaunchStoryboardName = LaunchScreen;
				INFOPLIST_KEY_UISupportedInterfaceOrientations = UIInterfaceOrientationPortrait;
				INFOPLIST_KEY_UISupportedInterfaceOrientations_iPhone = UIInterfaceOrientationPortrait;
				IPHONEOS_DEPLOYMENT_TARGET = 15.0;
				LD_RUNPATH_SEARCH_PATHS = (
					"$(inherited)",
					"@executable_path/Frameworks",
				);
				MARKETING_VERSION = 0.1;
				PRODUCT_BUNDLE_IDENTIFIER = "com.physvasya.Beauty-Buisness";
				PRODUCT_NAME = "$(TARGET_NAME)";
				SWIFT_EMIT_LOC_STRINGS = YES;
				SWIFT_VERSION = 5.0;
				TARGETED_DEVICE_FAMILY = 1;
			};
			name = Debug;
		};
		FFFAA30827EFA3CC002EC74B /* Release */ = {
			isa = XCBuildConfiguration;
			buildSettings = {
				ASSETCATALOG_COMPILER_APPICON_NAME = AppIcon;
				ASSETCATALOG_COMPILER_GLOBAL_ACCENT_COLOR_NAME = AccentColor;
				CODE_SIGN_STYLE = Automatic;
				CURRENT_PROJECT_VERSION = 1;
				DEVELOPMENT_TEAM = A2JRL4D922;
				GENERATE_INFOPLIST_FILE = YES;
				INFOPLIST_FILE = "Beauty Buisness/Info.plist";
				INFOPLIST_KEY_UIApplicationSupportsIndirectInputEvents = YES;
				INFOPLIST_KEY_UILaunchStoryboardName = LaunchScreen;
				INFOPLIST_KEY_UISupportedInterfaceOrientations = UIInterfaceOrientationPortrait;
				INFOPLIST_KEY_UISupportedInterfaceOrientations_iPhone = UIInterfaceOrientationPortrait;
				IPHONEOS_DEPLOYMENT_TARGET = 15.0;
				LD_RUNPATH_SEARCH_PATHS = (
					"$(inherited)",
					"@executable_path/Frameworks",
				);
				MARKETING_VERSION = 0.1;
				PRODUCT_BUNDLE_IDENTIFIER = "com.physvasya.Beauty-Buisness";
				PRODUCT_NAME = "$(TARGET_NAME)";
				SWIFT_EMIT_LOC_STRINGS = YES;
				SWIFT_VERSION = 5.0;
				TARGETED_DEVICE_FAMILY = 1;
			};
			name = Release;
		};
/* End XCBuildConfiguration section */

/* Begin XCConfigurationList section */
		FFFAA2EA27EFA3CA002EC74B /* Build configuration list for PBXProject "Beauty Buisness" */ = {
			isa = XCConfigurationList;
			buildConfigurations = (
				FFFAA30427EFA3CC002EC74B /* Debug */,
				FFFAA30527EFA3CC002EC74B /* Release */,
			);
			defaultConfigurationIsVisible = 0;
			defaultConfigurationName = Release;
		};
		FFFAA30627EFA3CC002EC74B /* Build configuration list for PBXNativeTarget "Beauty Buisness" */ = {
			isa = XCConfigurationList;
			buildConfigurations = (
				FFFAA30727EFA3CC002EC74B /* Debug */,
				FFFAA30827EFA3CC002EC74B /* Release */,
			);
			defaultConfigurationIsVisible = 0;
			defaultConfigurationName = Release;
		};
/* End XCConfigurationList section */

/* Begin XCVersionGroup section */
		FFFAA2FB27EFA3CA002EC74B /* Beauty_Buisness.xcdatamodeld */ = {
			isa = XCVersionGroup;
			children = (
				FFFAA2FC27EFA3CA002EC74B /* Beauty_Buisness.xcdatamodel */,
			);
			currentVersion = FFFAA2FC27EFA3CA002EC74B /* Beauty_Buisness.xcdatamodel */;
			path = Beauty_Buisness.xcdatamodeld;
			sourceTree = "<group>";
			versionGroupType = wrapper.xcdatamodel;
		};
/* End XCVersionGroup section */
	};
	rootObject = FFFAA2E727EFA3CA002EC74B /* Project object */;
}
